
Microsoft Visual Studio Solution File, Format Version 12.00
# Visual Studio Version 16
VisualStudioVersion = 16.0.29503.13
MinimumVisualStudioVersion = 10.0.40219.1
Project("{FAE04EC0-301F-11D3-BF4B-00C04F79EFBC}") = "Diploma", "Diploma\Diploma.csproj", "{A85FC51B-369A-4232-83F2-3EC203088D05}"
EndProject
Project("{FAE04EC0-301F-11D3-BF4B-00C04F79EFBC}") = "GenerateRandomMatrix", "GenerateRandomMatrix\GenerateRandomMatrix.csproj", "{3FB6E19E-971B-4587-BBFE-504692295A36}"
EndProject
Global
	GlobalSection(SolutionConfigurationPlatforms) = preSolution
		Debug|Any CPU = Debug|Any CPU
		Release|Any CPU = Release|Any CPU
	EndGlobalSection
	GlobalSection(ProjectConfigurationPlatforms) = postSolution
		{A85FC51B-369A-4232-83F2-3EC203088D05}.Debug|Any CPU.ActiveCfg = Debug|Any CPU
		{A85FC51B-369A-4232-83F2-3EC203088D05}.Debug|Any CPU.Build.0 = Debug|Any CPU
		{A85FC51B-369A-4232-83F2-3EC203088D05}.Release|Any CPU.ActiveCfg = Release|Any CPU
		{A85FC51B-369A-4232-83F2-3EC203088D05}.Release|Any CPU.Build.0 = Release|Any CPU
		{3FB6E19E-971B-4587-BBFE-504692295A36}.Debug|Any CPU.ActiveCfg = Debug|Any CPU
		{3FB6E19E-971B-4587-BBFE-504692295A36}.Debug|Any CPU.Build.0 = Debug|Any CPU
		{3FB6E19E-971B-4587-BBFE-504692295A36}.Release|Any CPU.ActiveCfg = Release|Any CPU
		{3FB6E19E-971B-4587-BBFE-504692295A36}.Release|Any CPU.Build.0 = Release|Any CPU
	EndGlobalSection
	GlobalSection(SolutionProperties) = preSolution
		HideSolutionNode = FALSE
	EndGlobalSection
	GlobalSection(ExtensibilityGlobals) = postSolution
		SolutionGuid = {E50F9366-5907-49AE-94B7-14D89B208566}
	EndGlobalSection
EndGlobal
